{
  "version": 4,
  "terraform_version": "1.6.4",
  "serial": 108,
  "lineage": "6f2e7897-67ee-da6c-01d7-25dc3d59c4b8",
  "outputs": {},
  "resources": [
    {
      "module": "module.network",
      "mode": "managed",
      "type": "aws_eip",
      "name": "nat",
      "provider": "provider[\"registry.terraform.io/hashicorp/aws\"]",
      "instances": [
        {
          "schema_version": 0,
          "attributes": {
            "address": null,
            "allocation_id": "eipalloc-0183d73a7cb6e521b",
            "associate_with_private_ip": null,
            "association_id": "eipassoc-0cf922f9952b0564a",
            "carrier_ip": "",
            "customer_owned_ip": "",
            "customer_owned_ipv4_pool": "",
            "domain": "vpc",
            "id": "eipalloc-0183d73a7cb6e521b",
            "instance": "",
            "network_border_group": "us-east-1",
            "network_interface": "eni-06b6c996421cd875d",
            "private_dns": "ip-10-0-1-100.ec2.internal",
            "private_ip": "10.0.1.100",
            "public_dns": "ec2-44-221-161-7.compute-1.amazonaws.com",
            "public_ip": "44.221.161.7",
            "public_ipv4_pool": "amazon",
            "tags": {},
            "tags_all": {},
            "timeouts": null,
            "vpc": true
          },
          "sensitive_attributes": [],
          "private": "eyJlMmJmYjczMC1lY2FhLTExZTYtOGY4OC0zNDM2M2JjN2M0YzAiOnsiZGVsZXRlIjoxODAwMDAwMDAwMDAsInJlYWQiOjkwMDAwMDAwMDAwMCwidXBkYXRlIjozMDAwMDAwMDAwMDB9fQ=="
        }
      ]
    },
    {
      "module": "module.network",
      "mode": "managed",
      "type": "aws_internet_gateway",
      "name": "gw",
      "provider": "provider[\"registry.terraform.io/hashicorp/aws\"]",
      "instances": [
        {
          "schema_version": 0,
          "attributes": {
            "arn": "arn:aws:ec2:us-east-1:229672306865:internet-gateway/igw-09702476d85ed8fa1",
            "id": "igw-09702476d85ed8fa1",
            "owner_id": "229672306865",
            "tags": {},
            "tags_all": {},
            "timeouts": null,
            "vpc_id": "vpc-0b382d4eecf010728"
          },
          "sensitive_attributes": [],
          "private": "eyJlMmJmYjczMC1lY2FhLTExZTYtOGY4OC0zNDM2M2JjN2M0YzAiOnsiY3JlYXRlIjoxMjAwMDAwMDAwMDAwLCJkZWxldGUiOjEyMDAwMDAwMDAwMDAsInVwZGF0ZSI6MTIwMDAwMDAwMDAwMH19",
          "dependencies": [
            "module.network.aws_vpc.main"
          ]
        }
      ]
    },
    {
      "module": "module.network",
      "mode": "managed",
      "type": "aws_nat_gateway",
      "name": "nat",
      "provider": "provider[\"registry.terraform.io/hashicorp/aws\"]",
      "instances": [
        {
          "schema_version": 0,
          "attributes": {
            "allocation_id": "eipalloc-0183d73a7cb6e521b",
            "association_id": "eipassoc-0cf922f9952b0564a",
            "connectivity_type": "public",
            "id": "nat-0354e88885a02bb22",
            "network_interface_id": "eni-06b6c996421cd875d",
            "private_ip": "10.0.1.100",
            "public_ip": "44.221.161.7",
            "secondary_allocation_ids": [],
            "secondary_private_ip_address_count": 0,
            "secondary_private_ip_addresses": [],
            "subnet_id": "subnet-0ce3f47b1c8e9ceca",
            "tags": {},
            "tags_all": {},
            "timeouts": null
          },
          "sensitive_attributes": [],
          "private": "eyJlMmJmYjczMC1lY2FhLTExZTYtOGY4OC0zNDM2M2JjN2M0YzAiOnsiY3JlYXRlIjo2MDAwMDAwMDAwMDAsImRlbGV0ZSI6MTgwMDAwMDAwMDAwMCwidXBkYXRlIjo2MDAwMDAwMDAwMDB9fQ==",
          "dependencies": [
            "module.network.aws_eip.nat",
            "module.network.aws_subnet.public_subnet",
            "module.network.aws_vpc.main"
          ]
        }
      ]
    },
    {
      "module": "module.network",
      "mode": "managed",
      "type": "aws_route_table",
      "name": "private",
      "provider": "provider[\"registry.terraform.io/hashicorp/aws\"]",
      "instances": [
        {
          "schema_version": 0,
          "attributes": {
            "arn": "arn:aws:ec2:us-east-1:229672306865:route-table/rtb-0c6135b3b0d8262a8",
            "id": "rtb-0c6135b3b0d8262a8",
            "owner_id": "229672306865",
            "propagating_vgws": [],
            "route": [
              {
                "carrier_gateway_id": "",
                "cidr_block": "0.0.0.0/0",
                "core_network_arn": "",
                "destination_prefix_list_id": "",
                "egress_only_gateway_id": "",
                "gateway_id": "",
                "ipv6_cidr_block": "",
                "local_gateway_id": "",
                "nat_gateway_id": "nat-0354e88885a02bb22",
                "network_interface_id": "",
                "transit_gateway_id": "",
                "vpc_endpoint_id": "",
                "vpc_peering_connection_id": ""
              }
            ],
            "tags": {},
            "tags_all": {},
            "timeouts": null,
            "vpc_id": "vpc-0b382d4eecf010728"
          },
          "sensitive_attributes": [],
          "private": "eyJlMmJmYjczMC1lY2FhLTExZTYtOGY4OC0zNDM2M2JjN2M0YzAiOnsiY3JlYXRlIjozMDAwMDAwMDAwMDAsImRlbGV0ZSI6MzAwMDAwMDAwMDAwLCJ1cGRhdGUiOjEyMDAwMDAwMDAwMH19",
          "dependencies": [
            "module.network.aws_eip.nat",
            "module.network.aws_nat_gateway.nat",
            "module.network.aws_subnet.public_subnet",
            "module.network.aws_vpc.main"
          ]
        }
      ]
    },
    {
      "module": "module.network",
      "mode": "managed",
      "type": "aws_route_table",
      "name": "public",
      "provider": "provider[\"registry.terraform.io/hashicorp/aws\"]",
      "instances": [
        {
          "schema_version": 0,
          "attributes": {
            "arn": "arn:aws:ec2:us-east-1:229672306865:route-table/rtb-07904804a664cb233",
            "id": "rtb-07904804a664cb233",
            "owner_id": "229672306865",
            "propagating_vgws": [],
            "route": [
              {
                "carrier_gateway_id": "",
                "cidr_block": "0.0.0.0/0",
                "core_network_arn": "",
                "destination_prefix_list_id": "",
                "egress_only_gateway_id": "",
                "gateway_id": "igw-09702476d85ed8fa1",
                "ipv6_cidr_block": "",
                "local_gateway_id": "",
                "nat_gateway_id": "",
                "network_interface_id": "",
                "transit_gateway_id": "",
                "vpc_endpoint_id": "",
                "vpc_peering_connection_id": ""
              }
            ],
            "tags": {},
            "tags_all": {},
            "timeouts": null,
            "vpc_id": "vpc-0b382d4eecf010728"
          },
          "sensitive_attributes": [],
          "private": "eyJlMmJmYjczMC1lY2FhLTExZTYtOGY4OC0zNDM2M2JjN2M0YzAiOnsiY3JlYXRlIjozMDAwMDAwMDAwMDAsImRlbGV0ZSI6MzAwMDAwMDAwMDAwLCJ1cGRhdGUiOjEyMDAwMDAwMDAwMH19",
          "dependencies": [
            "module.network.aws_internet_gateway.gw",
            "module.network.aws_vpc.main"
          ]
        }
      ]
    },
    {
      "module": "module.network",
      "mode": "managed",
      "type": "aws_route_table_association",
      "name": "private",
      "provider": "provider[\"registry.terraform.io/hashicorp/aws\"]",
      "instances": [
        {
          "schema_version": 0,
          "attributes": {
            "gateway_id": "",
            "id": "rtbassoc-0f458b34f9a99b59e",
            "route_table_id": "rtb-0c6135b3b0d8262a8",
            "subnet_id": "subnet-06c86c4a6dffa7877",
            "timeouts": null
          },
          "sensitive_attributes": [],
          "private": "eyJlMmJmYjczMC1lY2FhLTExZTYtOGY4OC0zNDM2M2JjN2M0YzAiOnsiY3JlYXRlIjozMDAwMDAwMDAwMDAsImRlbGV0ZSI6MzAwMDAwMDAwMDAwLCJ1cGRhdGUiOjEyMDAwMDAwMDAwMH19",
          "dependencies": [
            "module.network.aws_eip.nat",
            "module.network.aws_nat_gateway.nat",
            "module.network.aws_route_table.private",
            "module.network.aws_subnet.private_subnet",
            "module.network.aws_subnet.public_subnet",
            "module.network.aws_vpc.main"
          ]
        }
      ]
    },
    {
      "module": "module.network",
      "mode": "managed",
      "type": "aws_route_table_association",
      "name": "public",
      "provider": "provider[\"registry.terraform.io/hashicorp/aws\"]",
      "instances": [
        {
          "schema_version": 0,
          "attributes": {
            "gateway_id": "",
            "id": "rtbassoc-02bfe2a1a7118ec67",
            "route_table_id": "rtb-07904804a664cb233",
            "subnet_id": "subnet-0ce3f47b1c8e9ceca",
            "timeouts": null
          },
          "sensitive_attributes": [],
          "private": "eyJlMmJmYjczMC1lY2FhLTExZTYtOGY4OC0zNDM2M2JjN2M0YzAiOnsiY3JlYXRlIjozMDAwMDAwMDAwMDAsImRlbGV0ZSI6MzAwMDAwMDAwMDAwLCJ1cGRhdGUiOjEyMDAwMDAwMDAwMH19",
          "dependencies": [
            "module.network.aws_internet_gateway.gw",
            "module.network.aws_route_table.public",
            "module.network.aws_subnet.public_subnet",
            "module.network.aws_vpc.main"
          ]
        }
      ]
    },
    {
      "module": "module.network",
      "mode": "managed",
      "type": "aws_security_group",
      "name": "sg",
      "provider": "provider[\"registry.terraform.io/hashicorp/aws\"]",
      "instances": [
        {
          "schema_version": 1,
          "attributes": {
            "arn": "arn:aws:ec2:us-east-1:229672306865:security-group/sg-04874c24961d70e85",
            "description": "Managed by Terraform",
            "egress": [
              {
                "cidr_blocks": [
                  "0.0.0.0/0"
                ],
                "description": "",
                "from_port": 0,
                "ipv6_cidr_blocks": [],
                "prefix_list_ids": [],
                "protocol": "-1",
                "security_groups": [],
                "self": false,
                "to_port": 0
              }
            ],
            "id": "sg-04874c24961d70e85",
            "ingress": [
              {
                "cidr_blocks": [
                  "0.0.0.0/0"
                ],
                "description": "",
                "from_port": 22,
                "ipv6_cidr_blocks": [],
                "prefix_list_ids": [],
                "protocol": "tcp",
                "security_groups": [],
                "self": false,
                "to_port": 22
              },
              {
                "cidr_blocks": [
                  "0.0.0.0/0"
                ],
                "description": "",
                "from_port": 80,
                "ipv6_cidr_blocks": [],
                "prefix_list_ids": [],
                "protocol": "tcp",
                "security_groups": [],
                "self": false,
                "to_port": 80
              },
              {
                "cidr_blocks": [
                  "10.0.2.0/24"
                ],
                "description": "",
                "from_port": 80,
                "ipv6_cidr_blocks": [],
                "prefix_list_ids": [],
                "protocol": "tcp",
                "security_groups": [],
                "self": false,
                "to_port": 80
              }
            ],
            "name": "terraform-20231214080158799200000001",
            "name_prefix": "terraform-",
            "owner_id": "229672306865",
            "revoke_rules_on_delete": false,
            "tags": {},
            "tags_all": {},
            "timeouts": null,
            "vpc_id": "vpc-0b382d4eecf010728"
          },
          "sensitive_attributes": [],
          "private": "eyJlMmJmYjczMC1lY2FhLTExZTYtOGY4OC0zNDM2M2JjN2M0YzAiOnsiY3JlYXRlIjo2MDAwMDAwMDAwMDAsImRlbGV0ZSI6OTAwMDAwMDAwMDAwfSwic2NoZW1hX3ZlcnNpb24iOiIxIn0=",
          "dependencies": [
            "module.network.aws_vpc.main"
          ]
        }
      ]
    },
    {
      "module": "module.network",
      "mode": "managed",
      "type": "aws_subnet",
      "name": "private_subnet",
      "provider": "provider[\"registry.terraform.io/hashicorp/aws\"]",
      "instances": [
        {
          "schema_version": 1,
          "attributes": {
            "arn": "arn:aws:ec2:us-east-1:229672306865:subnet/subnet-06c86c4a6dffa7877",
            "assign_ipv6_address_on_creation": false,
            "availability_zone": "us-east-1d",
            "availability_zone_id": "use1-az6",
            "cidr_block": "10.0.2.0/24",
            "customer_owned_ipv4_pool": "",
            "enable_dns64": false,
            "enable_lni_at_device_index": 0,
            "enable_resource_name_dns_a_record_on_launch": false,
            "enable_resource_name_dns_aaaa_record_on_launch": false,
            "id": "subnet-06c86c4a6dffa7877",
            "ipv6_cidr_block": "",
            "ipv6_cidr_block_association_id": "",
            "ipv6_native": false,
            "map_customer_owned_ip_on_launch": false,
            "map_public_ip_on_launch": false,
            "outpost_arn": "",
            "owner_id": "229672306865",
            "private_dns_hostname_type_on_launch": "ip-name",
            "tags": {},
            "tags_all": {},
            "timeouts": null,
            "vpc_id": "vpc-0b382d4eecf010728"
          },
          "sensitive_attributes": [],
          "private": "eyJlMmJmYjczMC1lY2FhLTExZTYtOGY4OC0zNDM2M2JjN2M0YzAiOnsiY3JlYXRlIjo2MDAwMDAwMDAwMDAsImRlbGV0ZSI6MTIwMDAwMDAwMDAwMH0sInNjaGVtYV92ZXJzaW9uIjoiMSJ9",
          "dependencies": [
            "module.network.aws_vpc.main"
          ]
        }
      ]
    },
    {
      "module": "module.network",
      "mode": "managed",
      "type": "aws_subnet",
      "name": "public_subnet",
      "provider": "provider[\"registry.terraform.io/hashicorp/aws\"]",
      "instances": [
        {
          "schema_version": 1,
          "attributes": {
            "arn": "arn:aws:ec2:us-east-1:229672306865:subnet/subnet-0ce3f47b1c8e9ceca",
            "assign_ipv6_address_on_creation": false,
            "availability_zone": "us-east-1d",
            "availability_zone_id": "use1-az6",
            "cidr_block": "10.0.1.0/24",
            "customer_owned_ipv4_pool": "",
            "enable_dns64": false,
            "enable_lni_at_device_index": 0,
            "enable_resource_name_dns_a_record_on_launch": false,
            "enable_resource_name_dns_aaaa_record_on_launch": false,
            "id": "subnet-0ce3f47b1c8e9ceca",
            "ipv6_cidr_block": "",
            "ipv6_cidr_block_association_id": "",
            "ipv6_native": false,
            "map_customer_owned_ip_on_launch": false,
            "map_public_ip_on_launch": true,
            "outpost_arn": "",
            "owner_id": "229672306865",
            "private_dns_hostname_type_on_launch": "ip-name",
            "tags": {},
            "tags_all": {},
            "timeouts": null,
            "vpc_id": "vpc-0b382d4eecf010728"
          },
          "sensitive_attributes": [],
          "private": "eyJlMmJmYjczMC1lY2FhLTExZTYtOGY4OC0zNDM2M2JjN2M0YzAiOnsiY3JlYXRlIjo2MDAwMDAwMDAwMDAsImRlbGV0ZSI6MTIwMDAwMDAwMDAwMH0sInNjaGVtYV92ZXJzaW9uIjoiMSJ9",
          "dependencies": [
            "module.network.aws_vpc.main"
          ]
        }
      ]
    },
    {
      "module": "module.network",
      "mode": "managed",
      "type": "aws_vpc",
      "name": "main",
      "provider": "provider[\"registry.terraform.io/hashicorp/aws\"]",
      "instances": [
        {
          "schema_version": 1,
          "attributes": {
            "arn": "arn:aws:ec2:us-east-1:229672306865:vpc/vpc-0b382d4eecf010728",
            "assign_generated_ipv6_cidr_block": false,
            "cidr_block": "10.0.0.0/16",
            "default_network_acl_id": "acl-082845ac32c43d4bf",
            "default_route_table_id": "rtb-07d87301802f47aa8",
            "default_security_group_id": "sg-0b54c75a16e0b0363",
            "dhcp_options_id": "dopt-022cbbf4c8b393960",
            "enable_dns_hostnames": true,
            "enable_dns_support": true,
            "enable_network_address_usage_metrics": false,
            "id": "vpc-0b382d4eecf010728",
            "instance_tenancy": "default",
            "ipv4_ipam_pool_id": null,
            "ipv4_netmask_length": null,
            "ipv6_association_id": "",
            "ipv6_cidr_block": "",
            "ipv6_cidr_block_network_border_group": "",
            "ipv6_ipam_pool_id": "",
            "ipv6_netmask_length": 0,
            "main_route_table_id": "rtb-07d87301802f47aa8",
            "owner_id": "229672306865",
            "tags": {},
            "tags_all": {}
          },
          "sensitive_attributes": [],
          "private": "eyJzY2hlbWFfdmVyc2lvbiI6IjEifQ=="
        }
      ]
    },
    {
      "module": "module.ssh",
      "mode": "managed",
      "type": "aws_key_pair",
      "name": "key_pair",
      "provider": "provider[\"registry.terraform.io/hashicorp/aws\"]",
      "instances": [
        {
          "schema_version": 1,
          "attributes": {
            "arn": "arn:aws:ec2:us-east-1:229672306865:key-pair/ec2-keypair",
            "fingerprint": "10:f4:87:80:e3:bc:c0:af:21:18:17:29:93:6e:1f:a2",
            "id": "ec2-keypair",
            "key_name": "ec2-keypair",
            "key_name_prefix": "",
            "key_pair_id": "key-02985b883871d4e6b",
            "key_type": "rsa",
            "public_key": "ssh-rsa AAAAB3NzaC1yc2EAAAADAQABAAABAQDEwwVX6haVljEyyzvaSmxJZowhMRnzRpECg12EiwFrOoAKXqrsGUX3PDwWDkQ0xhYgkFpnG05XKDONDNQ+yG0XHePyN4RfOmGqcu/EeEFSjJ5qnxwJcmSv8ivFkZQg7r1LQthP2tzSFhHVfwzZIxT831L7vKLz5/BUl1sU0xhmCEa4Qch1Y2biz+jvCr0oJRGgo5oOlu8iFJ57kvZjm829j/SCLs6VMOChqmj1wZsxiZfFrQhA3HVOD0XQWBIjgzhuqEaFt5OLbbbV8DFcoXvJCbE2RsI9Oc2K0sMIKJVQeSH+jNigo48CznrDEfE9C41pClM9qOTfZl3cNZrNvTa3",
            "tags": {},
            "tags_all": {}
          },
          "sensitive_attributes": [],
          "private": "eyJzY2hlbWFfdmVyc2lvbiI6IjEifQ==",
          "dependencies": [
            "module.ssh.tls_private_key.ssh_key"
          ]
        }
      ]
    },
    {
      "module": "module.ssh",
      "mode": "managed",
      "type": "local_file",
      "name": "private_key",
      "provider": "provider[\"registry.terraform.io/hashicorp/local\"]",
      "instances": [
        {
          "schema_version": 0,
          "attributes": {
            "content": "-----BEGIN RSA PRIVATE KEY-----\nMIIEpAIBAAKCAQEAxMMFV+oWlZYxMss72kpsSWaMITEZ80aRAoNdhIsBazqACl6q\n7BlF9zw8Fg5ENMYWIJBaZxtOVygzjQzUPshtFx3j8jeEXzphqnLvxHhBUoyeap8c\nCXJkr/IrxZGUIO69S0LYT9rc0hYR1X8M2SMU/N9S+7yi8+fwVJdbFNMYZghGuEHI\ndWNm4s/o7wq9KCURoKOaDpbvIhSee5L2Y5vNvY/0gi7OlTDgoapo9cGbMYmXxa0I\nQNx1Tg9F0FgSI4M4bqhGhbeTi2221fAxXKF7yQmxNkbCPTnNitLDCCiVUHkh/ozY\noKOPAs56wxHxPQuNaQpTPajk32Zd3DWazb02twIDAQABAoIBADZBLD0EoDuZEXHX\nFmbntJo8u5D/cA9juuJ9hJDin36Iv/ucBPdbNK6qnkranjYLFNjf1P2vSte/jw9q\npS+2plYEePE2G7sCZyHP1YtQOXrgqWHvA5UbROY7GZS9wqGeEvYotWq3h8IqMbqz\n8MAC62uazM/7QNeOcfdxUL0aRBUF4UkdC45Bf7MuiGD9Ja4htmUz17Onljs2iqlO\nNgW4y3qgkdgkJd094VntLunVBM0RxJOpmb/jADbgFwM4zU0suYvhNd+kLjcRGrom\nflbmUK5/J5Y/JsLVJS6JOPEKMv9oNiWhqm9LpBlDLyAsXfbdF2D0MDhsNCB1ks10\nVURxZ0kCgYEA605mryQWOy4j3AO69KHZoy1gr2eIaWuSZUW48g0Iue34wQpT/NXU\nJCZGRRMCP0r8LdTI0mY6xExFJNU7hIUm5hmeHjz2YZIMW6FtIIT3A9Bd5qKx6KzQ\ned+ylOzVO39R32hD7OvLDZW8T6QhiXpwpv88W7DdErGgcF2kahz20n0CgYEA1hDY\nEm2wpb05qdi3zBrPHUOd2grlo84ZTy883XPYQ1GfcG4YIZVgd7/n/RV6ZwUZ5G5n\nGf8ACbCnlCYb6IY8J18LaFFzuLTsiyPyye8v2cdKHPn3HyZAC8AdT84Ekj9D8GkK\nSlaRUGlwvMnOeZejRNhzKIOuY8VmV/t/ivnOoEMCgYEAnf89uZoMh146289xaDOI\n9CVTB1QIZ2jAmtmPDpAr7NRaNBxgOqPFVySQCG90EdWisI9w7L2R9h6USuAWn6vc\na6KF5h3e/bLYM2qX4L8HMXtmoadauDXZogvPWGoR32plKhJTkbDd3dhN4lf94Nbi\n727wM0z1lEjKxshJzqp2HO0CgYAWj4HmN09FuHKqVt/QEAdCA01QnJNlNyRttwHI\nKRxiw+h01fWPHIolNMGDZ88VqnD3JTeSgtCDNO4EbBvG3tbaI2c1YFg84DyJ0YkW\nBTJa1mkWMrX7v3FCi8XLEmBi9W34mWlvOj5oZiRukSpEoFmhuNoyK+amNzi5DxV7\nFSbUtwKBgQCIvkScuEeDADh18UPnob8nBTcTApUPQHMW5xQ6xV6egv8a5gko6fRx\nprTG6wZFHqT9GcTBacSnro8+ke9GAydMaqdt8tBl4OaGDntjhM/V5CgZtUwGDf4g\nFA1YHmvhNIqeDISXR/BIACdNAeEe7GK6WJruAa5vUlCJueZerVEjlQ==\n-----END RSA PRIVATE KEY-----\n",
            "content_base64": null,
            "content_base64sha256": "EyA2JjS0KPBN2X8JJLQb5WUYoSAp+XIWNsWnlnlNVI0=",
            "content_base64sha512": "Q4Kji/CBThl97qsQd3V1jjWiznk5ANyClwalwoU1iUvEZkz6sa0i4EgdA2gocBfUEyJs5tzQaDJ7oSBWDLCb8A==",
            "content_md5": "b85bc6d52df280e50a2b79eace68bf35",
            "content_sha1": "936e9b54a8ed4129a210a83aba18bc60c07d1e98",
            "content_sha256": "1320362634b428f04dd97f0924b41be56518a12029f9721636c5a796794d548d",
            "content_sha512": "4382a38bf0814e197deeab107775758e35a2ce793900dc829706a5c28535894bc4664cfab1ad22e0481d0368287017d413226ce6dcd068327ba120560cb09bf0",
            "directory_permission": "0777",
            "file_permission": "0777",
            "filename": "./private_key.pem",
            "id": "936e9b54a8ed4129a210a83aba18bc60c07d1e98",
            "sensitive_content": null,
            "source": null
          },
          "sensitive_attributes": [
            [
              {
                "type": "get_attr",
                "value": "content"
              }
            ]
          ],
          "dependencies": [
            "module.ssh.tls_private_key.ssh_key"
          ]
        }
      ]
    },
    {
      "module": "module.ssh",
      "mode": "managed",
      "type": "tls_private_key",
      "name": "ssh_key",
      "provider": "provider[\"registry.terraform.io/hashicorp/tls\"]",
      "instances": [
        {
          "schema_version": 1,
          "attributes": {
            "algorithm": "RSA",
            "ecdsa_curve": "P224",
            "id": "b8a24911c61e4ed98f565217e6dd64367a0e22d8",
            "private_key_openssh": "-----BEGIN OPENSSH PRIVATE KEY-----\nb3BlbnNzaC1rZXktdjEAAAAABG5vbmUAAAAEbm9uZQAAAAAAAAABAAABFwAAAAdz\nc2gtcnNhAAAAAwEAAQAAAQEAxMMFV+oWlZYxMss72kpsSWaMITEZ80aRAoNdhIsB\nazqACl6q7BlF9zw8Fg5ENMYWIJBaZxtOVygzjQzUPshtFx3j8jeEXzphqnLvxHhB\nUoyeap8cCXJkr/IrxZGUIO69S0LYT9rc0hYR1X8M2SMU/N9S+7yi8+fwVJdbFNMY\nZghGuEHIdWNm4s/o7wq9KCURoKOaDpbvIhSee5L2Y5vNvY/0gi7OlTDgoapo9cGb\nMYmXxa0IQNx1Tg9F0FgSI4M4bqhGhbeTi2221fAxXKF7yQmxNkbCPTnNitLDCCiV\nUHkh/ozYoKOPAs56wxHxPQuNaQpTPajk32Zd3DWazb02twAAA7gnogLtJ6IC7QAA\nAAdzc2gtcnNhAAABAQDEwwVX6haVljEyyzvaSmxJZowhMRnzRpECg12EiwFrOoAK\nXqrsGUX3PDwWDkQ0xhYgkFpnG05XKDONDNQ+yG0XHePyN4RfOmGqcu/EeEFSjJ5q\nnxwJcmSv8ivFkZQg7r1LQthP2tzSFhHVfwzZIxT831L7vKLz5/BUl1sU0xhmCEa4\nQch1Y2biz+jvCr0oJRGgo5oOlu8iFJ57kvZjm829j/SCLs6VMOChqmj1wZsxiZfF\nrQhA3HVOD0XQWBIjgzhuqEaFt5OLbbbV8DFcoXvJCbE2RsI9Oc2K0sMIKJVQeSH+\njNigo48CznrDEfE9C41pClM9qOTfZl3cNZrNvTa3AAAAAwEAAQAAAQA2QSw9BKA7\nmRFx1xZm57SaPLuQ/3APY7rifYSQ4p9+iL/7nAT3WzSuqp5K2p42CxTY39T9r0rX\nv48PaqUvtqZWBHjxNhu7Amchz9WLUDl64Klh7wOVG0TmOxmUvcKhnhL2KLVqt4fC\nKjG6s/DAAutrmszP+0DXjnH3cVC9GkQVBeFJHQuOQX+zLohg/SWuIbZlM9ezp5Y7\nNoqpTjYFuMt6oJHYJCXdPeFZ7S7p1QTNEcSTqZm/4wA24BcDOM1NLLmL4TXfpC43\nERq6Jn5W5lCufyeWPybC1SUuiTjxCjL/aDYloapvS6QZQy8gLF323Rdg9DA4bDQg\ndZLNdFVEcWdJAAAAgQCIvkScuEeDADh18UPnob8nBTcTApUPQHMW5xQ6xV6egv8a\n5gko6fRxprTG6wZFHqT9GcTBacSnro8+ke9GAydMaqdt8tBl4OaGDntjhM/V5CgZ\ntUwGDf4gFA1YHmvhNIqeDISXR/BIACdNAeEe7GK6WJruAa5vUlCJueZerVEjlQAA\nAIEA605mryQWOy4j3AO69KHZoy1gr2eIaWuSZUW48g0Iue34wQpT/NXUJCZGRRMC\nP0r8LdTI0mY6xExFJNU7hIUm5hmeHjz2YZIMW6FtIIT3A9Bd5qKx6KzQed+ylOzV\nO39R32hD7OvLDZW8T6QhiXpwpv88W7DdErGgcF2kahz20n0AAACBANYQ2BJtsKW9\nOanYt8wazx1DndoK5aPOGU8vPN1z2ENRn3BuGCGVYHe/5/0VemcFGeRuZxn/AAmw\np5QmG+iGPCdfC2hRc7i07Isj8snvL9nHShz59x8mQAvAHU/OBJI/Q/BpCkpWkVBp\ncLzJznmXo0TYcyiDrmPFZlf7f4r5zqBDAAAAAAEC\n-----END OPENSSH PRIVATE KEY-----\n",
            "private_key_pem": "-----BEGIN RSA PRIVATE KEY-----\nMIIEpAIBAAKCAQEAxMMFV+oWlZYxMss72kpsSWaMITEZ80aRAoNdhIsBazqACl6q\n7BlF9zw8Fg5ENMYWIJBaZxtOVygzjQzUPshtFx3j8jeEXzphqnLvxHhBUoyeap8c\nCXJkr/IrxZGUIO69S0LYT9rc0hYR1X8M2SMU/N9S+7yi8+fwVJdbFNMYZghGuEHI\ndWNm4s/o7wq9KCURoKOaDpbvIhSee5L2Y5vNvY/0gi7OlTDgoapo9cGbMYmXxa0I\nQNx1Tg9F0FgSI4M4bqhGhbeTi2221fAxXKF7yQmxNkbCPTnNitLDCCiVUHkh/ozY\noKOPAs56wxHxPQuNaQpTPajk32Zd3DWazb02twIDAQABAoIBADZBLD0EoDuZEXHX\nFmbntJo8u5D/cA9juuJ9hJDin36Iv/ucBPdbNK6qnkranjYLFNjf1P2vSte/jw9q\npS+2plYEePE2G7sCZyHP1YtQOXrgqWHvA5UbROY7GZS9wqGeEvYotWq3h8IqMbqz\n8MAC62uazM/7QNeOcfdxUL0aRBUF4UkdC45Bf7MuiGD9Ja4htmUz17Onljs2iqlO\nNgW4y3qgkdgkJd094VntLunVBM0RxJOpmb/jADbgFwM4zU0suYvhNd+kLjcRGrom\nflbmUK5/J5Y/JsLVJS6JOPEKMv9oNiWhqm9LpBlDLyAsXfbdF2D0MDhsNCB1ks10\nVURxZ0kCgYEA605mryQWOy4j3AO69KHZoy1gr2eIaWuSZUW48g0Iue34wQpT/NXU\nJCZGRRMCP0r8LdTI0mY6xExFJNU7hIUm5hmeHjz2YZIMW6FtIIT3A9Bd5qKx6KzQ\ned+ylOzVO39R32hD7OvLDZW8T6QhiXpwpv88W7DdErGgcF2kahz20n0CgYEA1hDY\nEm2wpb05qdi3zBrPHUOd2grlo84ZTy883XPYQ1GfcG4YIZVgd7/n/RV6ZwUZ5G5n\nGf8ACbCnlCYb6IY8J18LaFFzuLTsiyPyye8v2cdKHPn3HyZAC8AdT84Ekj9D8GkK\nSlaRUGlwvMnOeZejRNhzKIOuY8VmV/t/ivnOoEMCgYEAnf89uZoMh146289xaDOI\n9CVTB1QIZ2jAmtmPDpAr7NRaNBxgOqPFVySQCG90EdWisI9w7L2R9h6USuAWn6vc\na6KF5h3e/bLYM2qX4L8HMXtmoadauDXZogvPWGoR32plKhJTkbDd3dhN4lf94Nbi\n727wM0z1lEjKxshJzqp2HO0CgYAWj4HmN09FuHKqVt/QEAdCA01QnJNlNyRttwHI\nKRxiw+h01fWPHIolNMGDZ88VqnD3JTeSgtCDNO4EbBvG3tbaI2c1YFg84DyJ0YkW\nBTJa1mkWMrX7v3FCi8XLEmBi9W34mWlvOj5oZiRukSpEoFmhuNoyK+amNzi5DxV7\nFSbUtwKBgQCIvkScuEeDADh18UPnob8nBTcTApUPQHMW5xQ6xV6egv8a5gko6fRx\nprTG6wZFHqT9GcTBacSnro8+ke9GAydMaqdt8tBl4OaGDntjhM/V5CgZtUwGDf4g\nFA1YHmvhNIqeDISXR/BIACdNAeEe7GK6WJruAa5vUlCJueZerVEjlQ==\n-----END RSA PRIVATE KEY-----\n",
            "private_key_pem_pkcs8": "-----BEGIN PRIVATE KEY-----\nMIIEvgIBADANBgkqhkiG9w0BAQEFAASCBKgwggSkAgEAAoIBAQDEwwVX6haVljEy\nyzvaSmxJZowhMRnzRpECg12EiwFrOoAKXqrsGUX3PDwWDkQ0xhYgkFpnG05XKDON\nDNQ+yG0XHePyN4RfOmGqcu/EeEFSjJ5qnxwJcmSv8ivFkZQg7r1LQthP2tzSFhHV\nfwzZIxT831L7vKLz5/BUl1sU0xhmCEa4Qch1Y2biz+jvCr0oJRGgo5oOlu8iFJ57\nkvZjm829j/SCLs6VMOChqmj1wZsxiZfFrQhA3HVOD0XQWBIjgzhuqEaFt5OLbbbV\n8DFcoXvJCbE2RsI9Oc2K0sMIKJVQeSH+jNigo48CznrDEfE9C41pClM9qOTfZl3c\nNZrNvTa3AgMBAAECggEANkEsPQSgO5kRcdcWZue0mjy7kP9wD2O64n2EkOKffoi/\n+5wE91s0rqqeStqeNgsU2N/U/a9K17+PD2qlL7amVgR48TYbuwJnIc/Vi1A5euCp\nYe8DlRtE5jsZlL3CoZ4S9ii1areHwioxurPwwALra5rMz/tA145x93FQvRpEFQXh\nSR0LjkF/sy6IYP0lriG2ZTPXs6eWOzaKqU42BbjLeqCR2CQl3T3hWe0u6dUEzRHE\nk6mZv+MANuAXAzjNTSy5i+E136QuNxEauiZ+VuZQrn8nlj8mwtUlLok48Qoy/2g2\nJaGqb0ukGUMvICxd9t0XYPQwOGw0IHWSzXRVRHFnSQKBgQDrTmavJBY7LiPcA7r0\nodmjLWCvZ4hpa5JlRbjyDQi57fjBClP81dQkJkZFEwI/Svwt1MjSZjrETEUk1TuE\nhSbmGZ4ePPZhkgxboW0ghPcD0F3morHorNB537KU7NU7f1HfaEPs68sNlbxPpCGJ\nenCm/zxbsN0SsaBwXaRqHPbSfQKBgQDWENgSbbClvTmp2LfMGs8dQ53aCuWjzhlP\nLzzdc9hDUZ9wbhghlWB3v+f9FXpnBRnkbmcZ/wAJsKeUJhvohjwnXwtoUXO4tOyL\nI/LJ7y/Zx0oc+fcfJkALwB1PzgSSP0PwaQpKVpFQaXC8yc55l6NE2HMog65jxWZX\n+3+K+c6gQwKBgQCd/z25mgyHXjrbz3FoM4j0JVMHVAhnaMCa2Y8OkCvs1Fo0HGA6\no8VXJJAIb3QR1aKwj3DsvZH2HpRK4Bafq9xrooXmHd79stgzapfgvwcxe2ahp1q4\nNdmiC89YahHfamUqElORsN3d2E3iV/3g1uLvbvAzTPWUSMrGyEnOqnYc7QKBgBaP\ngeY3T0W4cqpW39AQB0IDTVCck2U3JG23AcgpHGLD6HTV9Y8ciiU0wYNnzxWqcPcl\nN5KC0IM07gRsG8be1tojZzVgWDzgPInRiRYFMlrWaRYytfu/cUKLxcsSYGL1bfiZ\naW86PmhmJG6RKkSgWaG42jIr5qY3OLkPFXsVJtS3AoGBAIi+RJy4R4MAOHXxQ+eh\nvycFNxMClQ9AcxbnFDrFXp6C/xrmCSjp9HGmtMbrBkUepP0ZxMFpxKeujz6R70YD\nJ0xqp23y0GXg5oYOe2OEz9XkKBm1TAYN/iAUDVgea+E0ip4MhJdH8EgAJ00B4R7s\nYrpYmu4Brm9SUIm55l6tUSOV\n-----END PRIVATE KEY-----\n",
            "public_key_fingerprint_md5": "6b:cb:b6:df:76:d8:51:37:9d:f1:5d:32:8e:c6:f0:80",
            "public_key_fingerprint_sha256": "SHA256:R7lM3fiUccjb6f+tcrWeFU06KT/k8kq8yU/2caoWy/Y",
            "public_key_openssh": "ssh-rsa AAAAB3NzaC1yc2EAAAADAQABAAABAQDEwwVX6haVljEyyzvaSmxJZowhMRnzRpECg12EiwFrOoAKXqrsGUX3PDwWDkQ0xhYgkFpnG05XKDONDNQ+yG0XHePyN4RfOmGqcu/EeEFSjJ5qnxwJcmSv8ivFkZQg7r1LQthP2tzSFhHVfwzZIxT831L7vKLz5/BUl1sU0xhmCEa4Qch1Y2biz+jvCr0oJRGgo5oOlu8iFJ57kvZjm829j/SCLs6VMOChqmj1wZsxiZfFrQhA3HVOD0XQWBIjgzhuqEaFt5OLbbbV8DFcoXvJCbE2RsI9Oc2K0sMIKJVQeSH+jNigo48CznrDEfE9C41pClM9qOTfZl3cNZrNvTa3\n",
            "public_key_pem": "-----BEGIN PUBLIC KEY-----\nMIIBIjANBgkqhkiG9w0BAQEFAAOCAQ8AMIIBCgKCAQEAxMMFV+oWlZYxMss72kps\nSWaMITEZ80aRAoNdhIsBazqACl6q7BlF9zw8Fg5ENMYWIJBaZxtOVygzjQzUPsht\nFx3j8jeEXzphqnLvxHhBUoyeap8cCXJkr/IrxZGUIO69S0LYT9rc0hYR1X8M2SMU\n/N9S+7yi8+fwVJdbFNMYZghGuEHIdWNm4s/o7wq9KCURoKOaDpbvIhSee5L2Y5vN\nvY/0gi7OlTDgoapo9cGbMYmXxa0IQNx1Tg9F0FgSI4M4bqhGhbeTi2221fAxXKF7\nyQmxNkbCPTnNitLDCCiVUHkh/ozYoKOPAs56wxHxPQuNaQpTPajk32Zd3DWazb02\ntwIDAQAB\n-----END PUBLIC KEY-----\n",
            "rsa_bits": 2048
          },
          "sensitive_attributes": []
        }
      ]
    }
  ],
  "check_results": null
}
